
Microsoft Visual Studio Solution File, Format Version 12.00
# Visual Studio Version 16
VisualStudioVersion = 16.0.29806.167
MinimumVisualStudioVersion = 10.0.40219.1
Project("{FAE04EC0-301F-11D3-BF4B-00C04F79EFBC}") = "Project", "Project\Project.csproj", "{364BAC31-69B2-4567-9EBC-D85288FDD092}"
EndProject
Global
	GlobalSection(SolutionConfigurationPlatforms) = preSolution
		Debug|Any CPU = Debug|Any CPU
		Release|Any CPU = Release|Any CPU
	EndGlobalSection
	GlobalSection(ProjectConfigurationPlatforms) = postSolution
		{364BAC31-69B2-4567-9EBC-D85288FDD092}.Debug|Any CPU.ActiveCfg = Debug|Any CPU
		{364BAC31-69B2-4567-9EBC-D85288FDD092}.Debug|Any CPU.Build.0 = Debug|Any CPU
		{364BAC31-69B2-4567-9EBC-D85288FDD092}.Release|Any CPU.ActiveCfg = Release|Any CPU
		{364BAC31-69B2-4567-9EBC-D85288FDD092}.Release|Any CPU.Build.0 = Release|Any CPU
	EndGlobalSection
	GlobalSection(SolutionProperties) = preSolution
		HideSolutionNode = FALSE
	EndGlobalSection
	GlobalSection(ExtensibilityGlobals) = postSolution
		SolutionGuid = {DC95C682-ABFC-4D8E-8C48-21E9348F34B4}
	EndGlobalSection
EndGlobal
